
Microsoft Visual Studio Solution File, Format Version 12.00
# Visual Studio Version 17
VisualStudioVersion = 17.0.31903.59
MinimumVisualStudioVersion = 10.0.40219.1
Project("{2150E333-8FDC-42A3-9474-1A3956D46DE8}") = "src", "src", "{DA062556-A822-4A73-A123-264840433A85}"
EndProject
Project("{FAE04EC0-301F-11D3-BF4B-00C04F79EFBC}") = "UmbracoLoginProvider", "src\UmbracoLoginProvider.Web\UmbracoLoginProvider.Web.csproj", "{EEBDF139-10B0-4BA5-A99E-85FD413CC11B}"
EndProject
Project("{FAE04EC0-301F-11D3-BF4B-00C04F79EFBC}") = "UmbracoLoginProvider.OpenIdConnect", "src\UmbracoLoginProvider.OpenIdConnect\UmbracoLoginProvider.OpenIdConnect.csproj", "{EEE1B3E7-5C7E-4F4C-93A6-4546528EA9EE}"
EndProject
Global
	GlobalSection(SolutionConfigurationPlatforms) = preSolution
		Debug|Any CPU = Debug|Any CPU
		Release|Any CPU = Release|Any CPU
	EndGlobalSection
	GlobalSection(SolutionProperties) = preSolution
		HideSolutionNode = FALSE
	EndGlobalSection
	GlobalSection(ProjectConfigurationPlatforms) = postSolution
		{EEBDF139-10B0-4BA5-A99E-85FD413CC11B}.Debug|Any CPU.ActiveCfg = Debug|Any CPU
		{EEBDF139-10B0-4BA5-A99E-85FD413CC11B}.Debug|Any CPU.Build.0 = Debug|Any CPU
		{EEBDF139-10B0-4BA5-A99E-85FD413CC11B}.Release|Any CPU.ActiveCfg = Release|Any CPU
		{EEBDF139-10B0-4BA5-A99E-85FD413CC11B}.Release|Any CPU.Build.0 = Release|Any CPU
		{EEE1B3E7-5C7E-4F4C-93A6-4546528EA9EE}.Debug|Any CPU.ActiveCfg = Debug|Any CPU
		{EEE1B3E7-5C7E-4F4C-93A6-4546528EA9EE}.Debug|Any CPU.Build.0 = Debug|Any CPU
		{EEE1B3E7-5C7E-4F4C-93A6-4546528EA9EE}.Release|Any CPU.ActiveCfg = Release|Any CPU
		{EEE1B3E7-5C7E-4F4C-93A6-4546528EA9EE}.Release|Any CPU.Build.0 = Release|Any CPU
	EndGlobalSection
	GlobalSection(NestedProjects) = preSolution
		{EEBDF139-10B0-4BA5-A99E-85FD413CC11B} = {DA062556-A822-4A73-A123-264840433A85}
		{EEE1B3E7-5C7E-4F4C-93A6-4546528EA9EE} = {DA062556-A822-4A73-A123-264840433A85}
	EndGlobalSection
EndGlobal
